
Microsoft Visual Studio Solution File, Format Version 12.00
# Visual Studio Version 17
VisualStudioVersion = 17.1.32328.378
MinimumVisualStudioVersion = 10.0.40219.1
Project("{FAE04EC0-301F-11D3-BF4B-00C04F79EFBC}") = "Livros", "Livros\Livros.csproj", "{530366EC-43F3-4FEF-9DCD-329C7D1C3DC7}"
EndProject
Global
	GlobalSection(SolutionConfigurationPlatforms) = preSolution
		Debug|Any CPU = Debug|Any CPU
		Release|Any CPU = Release|Any CPU
	EndGlobalSection
	GlobalSection(ProjectConfigurationPlatforms) = postSolution
		{530366EC-43F3-4FEF-9DCD-329C7D1C3DC7}.Debug|Any CPU.ActiveCfg = Debug|Any CPU
		{530366EC-43F3-4FEF-9DCD-329C7D1C3DC7}.Debug|Any CPU.Build.0 = Debug|Any CPU
		{530366EC-43F3-4FEF-9DCD-329C7D1C3DC7}.Release|Any CPU.ActiveCfg = Release|Any CPU
		{530366EC-43F3-4FEF-9DCD-329C7D1C3DC7}.Release|Any CPU.Build.0 = Release|Any CPU
	EndGlobalSection
	GlobalSection(SolutionProperties) = preSolution
		HideSolutionNode = FALSE
	EndGlobalSection
	GlobalSection(ExtensibilityGlobals) = postSolution
		SolutionGuid = {B15457BD-7467-4854-B393-0756F2EB4B1A}
	EndGlobalSection
EndGlobal
